
Microsoft Visual Studio Solution File, Format Version 12.00
# Visual Studio 15
VisualStudioVersion = 15.0.28010.2019
MinimumVisualStudioVersion = 10.0.40219.1
Project("{FAE04EC0-301F-11D3-BF4B-00C04F79EFBC}") = "Les git 17_10_2018", "Les git 17_10_2018\Les git 17_10_2018.csproj", "{FDF10CD4-04B5-4340-9707-3684A65AF50A}"
EndProject
Global
	GlobalSection(SolutionConfigurationPlatforms) = preSolution
		Debug|Any CPU = Debug|Any CPU
		Release|Any CPU = Release|Any CPU
	EndGlobalSection
	GlobalSection(ProjectConfigurationPlatforms) = postSolution
		{FDF10CD4-04B5-4340-9707-3684A65AF50A}.Debug|Any CPU.ActiveCfg = Debug|Any CPU
		{FDF10CD4-04B5-4340-9707-3684A65AF50A}.Debug|Any CPU.Build.0 = Debug|Any CPU
		{FDF10CD4-04B5-4340-9707-3684A65AF50A}.Release|Any CPU.ActiveCfg = Release|Any CPU
		{FDF10CD4-04B5-4340-9707-3684A65AF50A}.Release|Any CPU.Build.0 = Release|Any CPU
	EndGlobalSection
	GlobalSection(SolutionProperties) = preSolution
		HideSolutionNode = FALSE
	EndGlobalSection
	GlobalSection(ExtensibilityGlobals) = postSolution
		SolutionGuid = {76BF76B6-E60C-49B5-923D-04EE10015404}
	EndGlobalSection
EndGlobal
